
Microsoft Visual Studio Solution File, Format Version 12.00
# Visual Studio Version 16
VisualStudioVersion = 16.0.29403.142
MinimumVisualStudioVersion = 10.0.40219.1
Project("{FAE04EC0-301F-11D3-BF4B-00C04F79EFBC}") = "PrzesunieciaObroty", "PrzesunieciaObroty.csproj", "{FCFA267B-8F10-4673-9D07-D5BE9A6D5617}"
EndProject
Global
	GlobalSection(SolutionConfigurationPlatforms) = preSolution
		Debug|Any CPU = Debug|Any CPU
		Release|Any CPU = Release|Any CPU
	EndGlobalSection
	GlobalSection(ProjectConfigurationPlatforms) = postSolution
		{FCFA267B-8F10-4673-9D07-D5BE9A6D5617}.Debug|Any CPU.ActiveCfg = Debug|Any CPU
		{FCFA267B-8F10-4673-9D07-D5BE9A6D5617}.Debug|Any CPU.Build.0 = Debug|Any CPU
		{FCFA267B-8F10-4673-9D07-D5BE9A6D5617}.Release|Any CPU.ActiveCfg = Release|Any CPU
		{FCFA267B-8F10-4673-9D07-D5BE9A6D5617}.Release|Any CPU.Build.0 = Release|Any CPU
	EndGlobalSection
	GlobalSection(SolutionProperties) = preSolution
		HideSolutionNode = FALSE
	EndGlobalSection
	GlobalSection(ExtensibilityGlobals) = postSolution
		SolutionGuid = {1CE0A16D-430C-46EF-A7DB-DF63F4D547D3}
	EndGlobalSection
EndGlobal
