
Microsoft Visual Studio Solution File, Format Version 12.00
# Visual Studio 2012
Project("{FAE04EC0-301F-11D3-BF4B-00C04F79EFBC}") = "SzescianTK18", "SzescianTK18\SzescianTK18.csproj", "{7250AEFB-C390-4FED-8C55-0ACD4D9E3931}"
EndProject
Global
	GlobalSection(SolutionConfigurationPlatforms) = preSolution
		Debug|Any CPU = Debug|Any CPU
		Release|Any CPU = Release|Any CPU
	EndGlobalSection
	GlobalSection(ProjectConfigurationPlatforms) = postSolution
		{7250AEFB-C390-4FED-8C55-0ACD4D9E3931}.Debug|Any CPU.ActiveCfg = Debug|Any CPU
		{7250AEFB-C390-4FED-8C55-0ACD4D9E3931}.Debug|Any CPU.Build.0 = Debug|Any CPU
		{7250AEFB-C390-4FED-8C55-0ACD4D9E3931}.Release|Any CPU.ActiveCfg = Release|Any CPU
		{7250AEFB-C390-4FED-8C55-0ACD4D9E3931}.Release|Any CPU.Build.0 = Release|Any CPU
	EndGlobalSection
	GlobalSection(SolutionProperties) = preSolution
		HideSolutionNode = FALSE
	EndGlobalSection
EndGlobal
